
Microsoft Visual Studio Solution File, Format Version 12.00
# Visual Studio 15
VisualStudioVersion = 15.0.26430.14
MinimumVisualStudioVersion = 10.0.40219.1
Project("{A07B5EB6-E848-4116-A8D0-A826331D98C6}") = "LighthouseSF", "LighthouseSF\LighthouseSF.sfproj", "{4330010D-D672-446F-BE74-74F6C26488E2}"
EndProject
Project("{FAE04EC0-301F-11D3-BF4B-00C04F79EFBC}") = "Lighthouse", "Lighthouse\Lighthouse.csproj", "{3960A98A-FD11-4CD5-8083-19A647C22252}"
EndProject
Global
	GlobalSection(SolutionConfigurationPlatforms) = preSolution
		Debug|x64 = Debug|x64
		Release|x64 = Release|x64
	EndGlobalSection
	GlobalSection(ProjectConfigurationPlatforms) = postSolution
		{4330010D-D672-446F-BE74-74F6C26488E2}.Debug|x64.ActiveCfg = Debug|x64
		{4330010D-D672-446F-BE74-74F6C26488E2}.Debug|x64.Build.0 = Debug|x64
		{4330010D-D672-446F-BE74-74F6C26488E2}.Debug|x64.Deploy.0 = Debug|x64
		{4330010D-D672-446F-BE74-74F6C26488E2}.Release|x64.ActiveCfg = Release|x64
		{4330010D-D672-446F-BE74-74F6C26488E2}.Release|x64.Build.0 = Release|x64
		{4330010D-D672-446F-BE74-74F6C26488E2}.Release|x64.Deploy.0 = Release|x64
		{3960A98A-FD11-4CD5-8083-19A647C22252}.Debug|x64.ActiveCfg = Debug|x64
		{3960A98A-FD11-4CD5-8083-19A647C22252}.Debug|x64.Build.0 = Debug|x64
		{3960A98A-FD11-4CD5-8083-19A647C22252}.Release|x64.ActiveCfg = Release|x64
		{3960A98A-FD11-4CD5-8083-19A647C22252}.Release|x64.Build.0 = Release|x64
	EndGlobalSection
	GlobalSection(SolutionProperties) = preSolution
		HideSolutionNode = FALSE
	EndGlobalSection
EndGlobal
